// !$*UTF8*$!
{
	archiveVersion = 1;
	classes = {
	};
	objectVersion = 56;
	objects = {

/* Begin PBXBuildFile section */
		ED0D8D692C723614009E16DC /* DetailRow.swift in Sources */ = {isa = PBXBuildFile; fileRef = ED0D8D682C723613009E16DC /* DetailRow.swift */; };
		ED0D8D6B2C72362E009E16DC /* MedicalConditionRow.swift in Sources */ = {isa = PBXBuildFile; fileRef = ED0D8D6A2C72362E009E16DC /* MedicalConditionRow.swift */; };
		ED586D352C79ED3600D6C082 /* MedicalPatient.swift in Sources */ = {isa = PBXBuildFile; fileRef = ED586D342C79ED3600D6C082 /* MedicalPatient.swift */; };
		ED8F4A552C70DA0A007C4734 /* MedicaInfoApp.swift in Sources */ = {isa = PBXBuildFile; fileRef = ED8F4A3E2C70DA0A007C4734 /* MedicaInfoApp.swift */; };
		ED8F4A562C70DA0A007C4734 /* AddNoteView.swift in Sources */ = {isa = PBXBuildFile; fileRef = ED8F4A3F2C70DA0A007C4734 /* AddNoteView.swift */; };
		ED8F4A572C70DA0A007C4734 /* AddPatientView.swift in Sources */ = {isa = PBXBuildFile; fileRef = ED8F4A402C70DA0A007C4734 /* AddPatientView.swift */; };
		ED8F4A582C70DA0A007C4734 /* SearchBar.swift in Sources */ = {isa = PBXBuildFile; fileRef = ED8F4A412C70DA0A007C4734 /* SearchBar.swift */; };
		ED8F4A592C70DA0A007C4734 /* PatientCardView.swift in Sources */ = {isa = PBXBuildFile; fileRef = ED8F4A422C70DA0A007C4734 /* PatientCardView.swift */; };
		ED8F4A5A2C70DA0A007C4734 /* SectionCard.swift in Sources */ = {isa = PBXBuildFile; fileRef = ED8F4A432C70DA0A007C4734 /* SectionCard.swift */; };
		ED8F4A5B2C70DA0A007C4734 /* DataLoader.swift in Sources */ = {isa = PBXBuildFile; fileRef = ED8F4A452C70DA0A007C4734 /* DataLoader.swift */; };
		ED8F4A5C2C70DA0A007C4734 /* AnamnesiView.swift in Sources */ = {isa = PBXBuildFile; fileRef = ED8F4A462C70DA0A007C4734 /* AnamnesiView.swift */; };
		ED8F4A5D2C70DA0A007C4734 /* ContentView.swift in Sources */ = {isa = PBXBuildFile; fileRef = ED8F4A472C70DA0A007C4734 /* ContentView.swift */; };
		ED8F4A5E2C70DA0A007C4734 /* AppDelegate.swift in Sources */ = {isa = PBXBuildFile; fileRef = ED8F4A482C70DA0A007C4734 /* AppDelegate.swift */; };
		ED8F4A5F2C70DA0A007C4734 /* Comune.swift in Sources */ = {isa = PBXBuildFile; fileRef = ED8F4A492C70DA0A007C4734 /* Comune.swift */; };
		ED8F4A602C70DA0A007C4734 /* Item.swift in Sources */ = {isa = PBXBuildFile; fileRef = ED8F4A4A2C70DA0A007C4734 /* Item.swift */; };
		ED8F4A612C70DA0A007C4734 /* MedicalDataModel.xcdatamodeld in Sources */ = {isa = PBXBuildFile; fileRef = ED8F4A4B2C70DA0A007C4734 /* MedicalDataModel.xcdatamodeld */; };
		ED8F4A622C70DA0A007C4734 /* PatientDetailView.swift in Sources */ = {isa = PBXBuildFile; fileRef = ED8F4A4D2C70DA0A007C4734 /* PatientDetailView.swift */; };
		ED8F4A632C70DA0A007C4734 /* PatientViewModel.swift in Sources */ = {isa = PBXBuildFile; fileRef = ED8F4A4E2C70DA0A007C4734 /* PatientViewModel.swift */; };
		ED8F4A642C70DA0A007C4734 /* AddPatientViewModel.swift in Sources */ = {isa = PBXBuildFile; fileRef = ED8F4A4F2C70DA0A007C4734 /* AddPatientViewModel.swift */; };
		ED8F4A652C70DA0A007C4734 /* Test.swift in Sources */ = {isa = PBXBuildFile; fileRef = ED8F4A512C70DA0A007C4734 /* Test.swift */; };
		ED8F4A662C70DA0A007C4734 /* DetailView.swift in Sources */ = {isa = PBXBuildFile; fileRef = ED8F4A522C70DA0A007C4734 /* DetailView.swift */; };
		ED8F4A672C70DA0A007C4734 /* PersistenceController.swift in Sources */ = {isa = PBXBuildFile; fileRef = ED8F4A532C70DA0A007C4734 /* PersistenceController.swift */; };
		EDA79B912C7254C000ABFBFA /* PDFKitRepresentedView.swift in Sources */ = {isa = PBXBuildFile; fileRef = EDA79B902C7254C000ABFBFA /* PDFKitRepresentedView.swift */; };
		EDE2B46E2C7108BD00EA4F5B /* comuni.json in Resources */ = {isa = PBXBuildFile; fileRef = EDE2B46D2C7108BD00EA4F5B /* comuni.json */; };
		EDE2B4702C710F7A00EA4F5B /* UIApplication+Extensions.swift in Sources */ = {isa = PBXBuildFile; fileRef = EDE2B46F2C710F7A00EA4F5B /* UIApplication+Extensions.swift */; };
		EDE2B4772C71174D00EA4F5B /* Assets.xcassets in Resources */ = {isa = PBXBuildFile; fileRef = EDE2B4762C71174D00EA4F5B /* Assets.xcassets */; };
/* End PBXBuildFile section */

/* Begin PBXFileReference section */
		ED0D8D682C723613009E16DC /* DetailRow.swift */ = {isa = PBXFileReference; lastKnownFileType = sourcecode.swift; path = DetailRow.swift; sourceTree = "<group>"; };
		ED0D8D6A2C72362E009E16DC /* MedicalConditionRow.swift */ = {isa = PBXFileReference; lastKnownFileType = sourcecode.swift; path = MedicalConditionRow.swift; sourceTree = "<group>"; };
		ED586D342C79ED3600D6C082 /* MedicalPatient.swift */ = {isa = PBXFileReference; lastKnownFileType = sourcecode.swift; path = MedicalPatient.swift; sourceTree = "<group>"; };
		ED700E9E2BFE8C5200FCABC2 /* MedicaInfo.app */ = {isa = PBXFileReference; explicitFileType = wrapper.application; includeInIndex = 0; path = MedicaInfo.app; sourceTree = BUILT_PRODUCTS_DIR; };
		ED8F4A3E2C70DA0A007C4734 /* MedicaInfoApp.swift */ = {isa = PBXFileReference; fileEncoding = 4; lastKnownFileType = sourcecode.swift; path = MedicaInfoApp.swift; sourceTree = "<group>"; };
		ED8F4A3F2C70DA0A007C4734 /* AddNoteView.swift */ = {isa = PBXFileReference; fileEncoding = 4; lastKnownFileType = sourcecode.swift; path = AddNoteView.swift; sourceTree = "<group>"; };
		ED8F4A402C70DA0A007C4734 /* AddPatientView.swift */ = {isa = PBXFileReference; fileEncoding = 4; lastKnownFileType = sourcecode.swift; path = AddPatientView.swift; sourceTree = "<group>"; };
		ED8F4A412C70DA0A007C4734 /* SearchBar.swift */ = {isa = PBXFileReference; fileEncoding = 4; lastKnownFileType = sourcecode.swift; path = SearchBar.swift; sourceTree = "<group>"; };
		ED8F4A422C70DA0A007C4734 /* PatientCardView.swift */ = {isa = PBXFileReference; fileEncoding = 4; lastKnownFileType = sourcecode.swift; path = PatientCardView.swift; sourceTree = "<group>"; };
		ED8F4A432C70DA0A007C4734 /* SectionCard.swift */ = {isa = PBXFileReference; fileEncoding = 4; lastKnownFileType = sourcecode.swift; path = SectionCard.swift; sourceTree = "<group>"; };
		ED8F4A452C70DA0A007C4734 /* DataLoader.swift */ = {isa = PBXFileReference; fileEncoding = 4; lastKnownFileType = sourcecode.swift; path = DataLoader.swift; sourceTree = "<group>"; };
		ED8F4A462C70DA0A007C4734 /* AnamnesiView.swift */ = {isa = PBXFileReference; fileEncoding = 4; lastKnownFileType = sourcecode.swift; path = AnamnesiView.swift; sourceTree = "<group>"; };
		ED8F4A472C70DA0A007C4734 /* ContentView.swift */ = {isa = PBXFileReference; fileEncoding = 4; lastKnownFileType = sourcecode.swift; path = ContentView.swift; sourceTree = "<group>"; };
		ED8F4A482C70DA0A007C4734 /* AppDelegate.swift */ = {isa = PBXFileReference; fileEncoding = 4; lastKnownFileType = sourcecode.swift; path = AppDelegate.swift; sourceTree = "<group>"; };
		ED8F4A492C70DA0A007C4734 /* Comune.swift */ = {isa = PBXFileReference; fileEncoding = 4; lastKnownFileType = sourcecode.swift; path = Comune.swift; sourceTree = "<group>"; };
		ED8F4A4A2C70DA0A007C4734 /* Item.swift */ = {isa = PBXFileReference; fileEncoding = 4; lastKnownFileType = sourcecode.swift; path = Item.swift; sourceTree = "<group>"; };
		ED8F4A4C2C70DA0A007C4734 /* MedicalDataModel.xcdatamodel */ = {isa = PBXFileReference; lastKnownFileType = wrapper.xcdatamodel; path = MedicalDataModel.xcdatamodel; sourceTree = "<group>"; };
		ED8F4A4D2C70DA0A007C4734 /* PatientDetailView.swift */ = {isa = PBXFileReference; fileEncoding = 4; lastKnownFileType = sourcecode.swift; path = PatientDetailView.swift; sourceTree = "<group>"; };
		ED8F4A4E2C70DA0A007C4734 /* PatientViewModel.swift */ = {isa = PBXFileReference; fileEncoding = 4; lastKnownFileType = sourcecode.swift; path = PatientViewModel.swift; sourceTree = "<group>"; };
		ED8F4A4F2C70DA0A007C4734 /* AddPatientViewModel.swift */ = {isa = PBXFileReference; fileEncoding = 4; lastKnownFileType = sourcecode.swift; path = AddPatientViewModel.swift; sourceTree = "<group>"; };
		ED8F4A512C70DA0A007C4734 /* Test.swift */ = {isa = PBXFileReference; fileEncoding = 4; lastKnownFileType = sourcecode.swift; path = Test.swift; sourceTree = "<group>"; };
		ED8F4A522C70DA0A007C4734 /* DetailView.swift */ = {isa = PBXFileReference; fileEncoding = 4; lastKnownFileType = sourcecode.swift; path = DetailView.swift; sourceTree = "<group>"; };
		ED8F4A532C70DA0A007C4734 /* PersistenceController.swift */ = {isa = PBXFileReference; fileEncoding = 4; lastKnownFileType = sourcecode.swift; path = PersistenceController.swift; sourceTree = "<group>"; };
		EDA79B902C7254C000ABFBFA /* PDFKitRepresentedView.swift */ = {isa = PBXFileReference; lastKnownFileType = sourcecode.swift; path = PDFKitRepresentedView.swift; sourceTree = "<group>"; };
		EDA79B9C2C73732600ABFBFA /* comuni.json */ = {isa = PBXFileReference; lastKnownFileType = text.json; path = comuni.json; sourceTree = "<group>"; };
		EDE2B46C2C71064400EA4F5B /* MedicaInfo-Bridging-Header.h */ = {isa = PBXFileReference; lastKnownFileType = sourcecode.c.h; path = "MedicaInfo-Bridging-Header.h"; sourceTree = "<group>"; };
		EDE2B46D2C7108BD00EA4F5B /* comuni.json */ = {isa = PBXFileReference; fileEncoding = 4; lastKnownFileType = text.json; name = comuni.json; path = ../../../Downloads/comuni.json; sourceTree = "<group>"; };
		EDE2B46F2C710F7A00EA4F5B /* UIApplication+Extensions.swift */ = {isa = PBXFileReference; lastKnownFileType = sourcecode.swift; path = "UIApplication+Extensions.swift"; sourceTree = "<group>"; };
		EDE2B4762C71174D00EA4F5B /* Assets.xcassets */ = {isa = PBXFileReference; lastKnownFileType = folder.assetcatalog; name = Assets.xcassets; path = "../../MedicaInfo 2/Assets.xcassets"; sourceTree = "<group>"; };
/* End PBXFileReference section */

/* Begin PBXFrameworksBuildPhase section */
		ED700E9B2BFE8C5200FCABC2 /* Frameworks */ = {
			isa = PBXFrameworksBuildPhase;
			buildActionMask = 2147483647;
			files = (
			);
			runOnlyForDeploymentPostprocessing = 0;
		};
/* End PBXFrameworksBuildPhase section */

/* Begin PBXGroup section */
		ED700E952BFE8C5200FCABC2 = {
			isa = PBXGroup;
			children = (
				ED700EA02BFE8C5200FCABC2 /* MedicaInfo */,
				ED700E9F2BFE8C5200FCABC2 /* Products */,
			);
			sourceTree = "<group>";
		};
		ED700E9F2BFE8C5200FCABC2 /* Products */ = {
			isa = PBXGroup;
			children = (
				ED700E9E2BFE8C5200FCABC2 /* MedicaInfo.app */,
			);
			name = Products;
			sourceTree = "<group>";
		};
		ED700EA02BFE8C5200FCABC2 /* MedicaInfo */ = {
			isa = PBXGroup;
			children = (
				ED8F4A542C70DA0A007C4734 /* Controllers */,
				EDA79B972C73236100ABFBFA /* Models */,
				ED8F4A442C70DA0A007C4734 /* Views */,
				EDA79B9B2C7370D800ABFBFA /* Extensions */,
				ED8F4A482C70DA0A007C4734 /* AppDelegate.swift */,
				ED8F4A3E2C70DA0A007C4734 /* MedicaInfoApp.swift */,
				EDE2B46D2C7108BD00EA4F5B /* comuni.json */,
				EDE2B46C2C71064400EA4F5B /* MedicaInfo-Bridging-Header.h */,
				EDE2B4762C71174D00EA4F5B /* Assets.xcassets */,
				ED8F4A512C70DA0A007C4734 /* Test.swift */,
			);
			path = MedicaInfo;
			sourceTree = "<group>";
		};
		ED8F4A442C70DA0A007C4734 /* Views */ = {
			isa = PBXGroup;
			children = (
				EDA79B982C7323B000ABFBFA /* Main Views */,
				EDA79B992C7323CB00ABFBFA /* Components */,
				EDA79B9A2C73241800ABFBFA /* PDF */,
			);
			path = Views;
			sourceTree = "<group>";
		};
		ED8F4A542C70DA0A007C4734 /* Controllers */ = {
			isa = PBXGroup;
			children = (
				ED8F4A452C70DA0A007C4734 /* DataLoader.swift */,
				ED8F4A532C70DA0A007C4734 /* PersistenceController.swift */,
				ED8F4A4E2C70DA0A007C4734 /* PatientViewModel.swift */,
				ED8F4A4F2C70DA0A007C4734 /* AddPatientViewModel.swift */,
			);
			path = Controllers;
			sourceTree = "<group>";
		};
		EDA79B972C73236100ABFBFA /* Models */ = {
			isa = PBXGroup;
			children = (
				ED8F4A4A2C70DA0A007C4734 /* Item.swift */,
				ED8F4A4B2C70DA0A007C4734 /* MedicalDataModel.xcdatamodeld */,
				ED8F4A492C70DA0A007C4734 /* Comune.swift */,
				EDA79B9C2C73732600ABFBFA /* comuni.json */,
			);
			path = Models;
			sourceTree = "<group>";
		};
		EDA79B982C7323B000ABFBFA /* Main Views */ = {
			isa = PBXGroup;
			children = (
				ED8F4A3F2C70DA0A007C4734 /* AddNoteView.swift */,
				ED8F4A462C70DA0A007C4734 /* AnamnesiView.swift */,
				ED8F4A472C70DA0A007C4734 /* ContentView.swift */,
				ED8F4A4D2C70DA0A007C4734 /* PatientDetailView.swift */,
				ED8F4A422C70DA0A007C4734 /* PatientCardView.swift */,
				ED8F4A522C70DA0A007C4734 /* DetailView.swift */,
				ED8F4A402C70DA0A007C4734 /* AddPatientView.swift */,
			);
			path = "Main Views";
			sourceTree = "<group>";
		};
		EDA79B992C7323CB00ABFBFA /* Components */ = {
			isa = PBXGroup;
			children = (
				ED8F4A412C70DA0A007C4734 /* SearchBar.swift */,
				ED8F4A432C70DA0A007C4734 /* SectionCard.swift */,
				ED0D8D682C723613009E16DC /* DetailRow.swift */,
				ED0D8D6A2C72362E009E16DC /* MedicalConditionRow.swift */,
				ED586D342C79ED3600D6C082 /* MedicalPatient.swift */,
			);
			path = Components;
			sourceTree = "<group>";
		};
		EDA79B9A2C73241800ABFBFA /* PDF */ = {
			isa = PBXGroup;
			children = (
				EDA79B902C7254C000ABFBFA /* PDFKitRepresentedView.swift */,
			);
			path = PDF;
			sourceTree = "<group>";
		};
		EDA79B9B2C7370D800ABFBFA /* Extensions */ = {
			isa = PBXGroup;
			children = (
				EDE2B46F2C710F7A00EA4F5B /* UIApplication+Extensions.swift */,
			);
			path = Extensions;
			sourceTree = "<group>";
		};
/* End PBXGroup section */

/* Begin PBXNativeTarget section */
		ED700E9D2BFE8C5200FCABC2 /* MedicaInfo */ = {
			isa = PBXNativeTarget;
			buildConfigurationList = ED700EAF2BFE8C5500FCABC2 /* Build configuration list for PBXNativeTarget "MedicaInfo" */;
			buildPhases = (
				ED700E9A2BFE8C5200FCABC2 /* Sources */,
				ED700E9B2BFE8C5200FCABC2 /* Frameworks */,
				ED700E9C2BFE8C5200FCABC2 /* Resources */,
			);
			buildRules = (
			);
			dependencies = (
			);
			name = MedicaInfo;
			productName = MedicaInfo;
			productReference = ED700E9E2BFE8C5200FCABC2 /* MedicaInfo.app */;
			productType = "com.apple.product-type.application";
		};
/* End PBXNativeTarget section */

/* Begin PBXProject section */
		ED700E962BFE8C5200FCABC2 /* Project object */ = {
			isa = PBXProject;
			attributes = {
				BuildIndependentTargetsInParallel = 1;
				LastSwiftUpdateCheck = 1520;
				LastUpgradeCheck = 1540;
				TargetAttributes = {
					ED700E9D2BFE8C5200FCABC2 = {
						CreatedOnToolsVersion = 15.2;
						LastSwiftMigration = 1540;
					};
				};
			};
			buildConfigurationList = ED700E992BFE8C5200FCABC2 /* Build configuration list for PBXProject "MedicaInfo" */;
			compatibilityVersion = "Xcode 14.0";
			developmentRegion = en;
			hasScannedForEncodings = 0;
			knownRegions = (
				en,
				Base,
			);
			mainGroup = ED700E952BFE8C5200FCABC2;
			productRefGroup = ED700E9F2BFE8C5200FCABC2 /* Products */;
			projectDirPath = "";
			projectRoot = "";
			targets = (
				ED700E9D2BFE8C5200FCABC2 /* MedicaInfo */,
			);
		};
/* End PBXProject section */

/* Begin PBXResourcesBuildPhase section */
		ED700E9C2BFE8C5200FCABC2 /* Resources */ = {
			isa = PBXResourcesBuildPhase;
			buildActionMask = 2147483647;
			files = (
				EDE2B4772C71174D00EA4F5B /* Assets.xcassets in Resources */,
				EDE2B46E2C7108BD00EA4F5B /* comuni.json in Resources */,
			);
			runOnlyForDeploymentPostprocessing = 0;
		};
/* End PBXResourcesBuildPhase section */

/* Begin PBXSourcesBuildPhase section */
		ED700E9A2BFE8C5200FCABC2 /* Sources */ = {
			isa = PBXSourcesBuildPhase;
			buildActionMask = 2147483647;
			files = (
				ED8F4A5E2C70DA0A007C4734 /* AppDelegate.swift in Sources */,
				ED8F4A562C70DA0A007C4734 /* AddNoteView.swift in Sources */,
				ED8F4A632C70DA0A007C4734 /* PatientViewModel.swift in Sources */,
				ED0D8D692C723614009E16DC /* DetailRow.swift in Sources */,
				EDA79B912C7254C000ABFBFA /* PDFKitRepresentedView.swift in Sources */,
				ED586D352C79ED3600D6C082 /* MedicalPatient.swift in Sources */,
				ED8F4A5F2C70DA0A007C4734 /* Comune.swift in Sources */,
				ED8F4A5A2C70DA0A007C4734 /* SectionCard.swift in Sources */,
				ED8F4A572C70DA0A007C4734 /* AddPatientView.swift in Sources */,
				ED8F4A5C2C70DA0A007C4734 /* AnamnesiView.swift in Sources */,
				ED8F4A582C70DA0A007C4734 /* SearchBar.swift in Sources */,
				ED8F4A602C70DA0A007C4734 /* Item.swift in Sources */,
				ED8F4A5B2C70DA0A007C4734 /* DataLoader.swift in Sources */,
				ED8F4A5D2C70DA0A007C4734 /* ContentView.swift in Sources */,
				ED0D8D6B2C72362E009E16DC /* MedicalConditionRow.swift in Sources */,
				ED8F4A652C70DA0A007C4734 /* Test.swift in Sources */,
				ED8F4A552C70DA0A007C4734 /* MedicaInfoApp.swift in Sources */,
				ED8F4A612C70DA0A007C4734 /* MedicalDataModel.xcdatamodeld in Sources */,
				EDE2B4702C710F7A00EA4F5B /* UIApplication+Extensions.swift in Sources */,
				ED8F4A592C70DA0A007C4734 /* PatientCardView.swift in Sources */,
				ED8F4A662C70DA0A007C4734 /* DetailView.swift in Sources */,
				ED8F4A622C70DA0A007C4734 /* PatientDetailView.swift in Sources */,
				ED8F4A642C70DA0A007C4734 /* AddPatientViewModel.swift in Sources */,
				ED8F4A672C70DA0A007C4734 /* PersistenceController.swift in Sources */,
			);
			runOnlyForDeploymentPostprocessing = 0;
		};
/* End PBXSourcesBuildPhase section */

/* Begin XCBuildConfiguration section */
		ED700EAD2BFE8C5500FCABC2 /* Debug */ = {
			isa = XCBuildConfiguration;
			buildSettings = {
				ALWAYS_SEARCH_USER_PATHS = NO;
				ASSETCATALOG_COMPILER_GENERATE_SWIFT_ASSET_SYMBOL_EXTENSIONS = YES;
				CLANG_ANALYZER_NONNULL = YES;
				CLANG_ANALYZER_NUMBER_OBJECT_CONVERSION = YES_AGGRESSIVE;
				CLANG_CXX_LANGUAGE_STANDARD = "gnu++20";
				CLANG_ENABLE_MODULES = YES;
				CLANG_ENABLE_OBJC_ARC = YES;
				CLANG_ENABLE_OBJC_WEAK = YES;
				CLANG_WARN_BLOCK_CAPTURE_AUTORELEASING = YES;
				CLANG_WARN_BOOL_CONVERSION = YES;
				CLANG_WARN_COMMA = YES;
				CLANG_WARN_CONSTANT_CONVERSION = YES;
				CLANG_WARN_DEPRECATED_OBJC_IMPLEMENTATIONS = YES;
				CLANG_WARN_DIRECT_OBJC_ISA_USAGE = YES_ERROR;
				CLANG_WARN_DOCUMENTATION_COMMENTS = YES;
				CLANG_WARN_EMPTY_BODY = YES;
				CLANG_WARN_ENUM_CONVERSION = YES;
				CLANG_WARN_INFINITE_RECURSION = YES;
				CLANG_WARN_INT_CONVERSION = YES;
				CLANG_WARN_NON_LITERAL_NULL_CONVERSION = YES;
				CLANG_WARN_OBJC_IMPLICIT_RETAIN_SELF = YES;
				CLANG_WARN_OBJC_LITERAL_CONVERSION = YES;
				CLANG_WARN_OBJC_ROOT_CLASS = YES_ERROR;
				CLANG_WARN_QUOTED_INCLUDE_IN_FRAMEWORK_HEADER = YES;
				CLANG_WARN_RANGE_LOOP_ANALYSIS = YES;
				CLANG_WARN_STRICT_PROTOTYPES = YES;
				CLANG_WARN_SUSPICIOUS_MOVE = YES;
				CLANG_WARN_UNGUARDED_AVAILABILITY = YES_AGGRESSIVE;
				CLANG_WARN_UNREACHABLE_CODE = YES;
				CLANG_WARN__DUPLICATE_METHOD_MATCH = YES;
				COPY_PHASE_STRIP = NO;
				DEAD_CODE_STRIPPING = YES;
				DEBUG_INFORMATION_FORMAT = dwarf;
				ENABLE_STRICT_OBJC_MSGSEND = YES;
				ENABLE_TESTABILITY = YES;
				ENABLE_USER_SCRIPT_SANDBOXING = YES;
				GCC_C_LANGUAGE_STANDARD = gnu17;
				GCC_DYNAMIC_NO_PIC = NO;
				GCC_NO_COMMON_BLOCKS = YES;
				GCC_OPTIMIZATION_LEVEL = 0;
				GCC_PREPROCESSOR_DEFINITIONS = (
					"DEBUG=1",
					"$(inherited)",
				);
				GCC_WARN_64_TO_32_BIT_CONVERSION = YES;
				GCC_WARN_ABOUT_RETURN_TYPE = YES_ERROR;
				GCC_WARN_UNDECLARED_SELECTOR = YES;
				GCC_WARN_UNINITIALIZED_AUTOS = YES_AGGRESSIVE;
				GCC_WARN_UNUSED_FUNCTION = YES;
				GCC_WARN_UNUSED_VARIABLE = YES;
				LOCALIZATION_PREFERS_STRING_CATALOGS = YES;
				MTL_ENABLE_DEBUG_INFO = INCLUDE_SOURCE;
				MTL_FAST_MATH = YES;
				NEW_SETTING = "";
				NEW_SETTING1 = "";
				ONLY_ACTIVE_ARCH = YES;
				SWIFT_ACTIVE_COMPILATION_CONDITIONS = "DEBUG $(inherited)";
				SWIFT_OPTIMIZATION_LEVEL = "-Onone";
			};
			name = Debug;
		};
		ED700EAE2BFE8C5500FCABC2 /* Release */ = {
			isa = XCBuildConfiguration;
			buildSettings = {
				ALWAYS_SEARCH_USER_PATHS = NO;
				ASSETCATALOG_COMPILER_GENERATE_SWIFT_ASSET_SYMBOL_EXTENSIONS = YES;
				CLANG_ANALYZER_NONNULL = YES;
				CLANG_ANALYZER_NUMBER_OBJECT_CONVERSION = YES_AGGRESSIVE;
				CLANG_CXX_LANGUAGE_STANDARD = "gnu++20";
				CLANG_ENABLE_MODULES = YES;
				CLANG_ENABLE_OBJC_ARC = YES;
				CLANG_ENABLE_OBJC_WEAK = YES;
				CLANG_WARN_BLOCK_CAPTURE_AUTORELEASING = YES;
				CLANG_WARN_BOOL_CONVERSION = YES;
				CLANG_WARN_COMMA = YES;
				CLANG_WARN_CONSTANT_CONVERSION = YES;
				CLANG_WARN_DEPRECATED_OBJC_IMPLEMENTATIONS = YES;
				CLANG_WARN_DIRECT_OBJC_ISA_USAGE = YES_ERROR;
				CLANG_WARN_DOCUMENTATION_COMMENTS = YES;
				CLANG_WARN_EMPTY_BODY = YES;
				CLANG_WARN_ENUM_CONVERSION = YES;
				CLANG_WARN_INFINITE_RECURSION = YES;
				CLANG_WARN_INT_CONVERSION = YES;
				CLANG_WARN_NON_LITERAL_NULL_CONVERSION = YES;
				CLANG_WARN_OBJC_IMPLICIT_RETAIN_SELF = YES;
				CLANG_WARN_OBJC_LITERAL_CONVERSION = YES;
				CLANG_WARN_OBJC_ROOT_CLASS = YES_ERROR;
				CLANG_WARN_QUOTED_INCLUDE_IN_FRAMEWORK_HEADER = YES;
				CLANG_WARN_RANGE_LOOP_ANALYSIS = YES;
				CLANG_WARN_STRICT_PROTOTYPES = YES;
				CLANG_WARN_SUSPICIOUS_MOVE = YES;
				CLANG_WARN_UNGUARDED_AVAILABILITY = YES_AGGRESSIVE;
				CLANG_WARN_UNREACHABLE_CODE = YES;
				CLANG_WARN__DUPLICATE_METHOD_MATCH = YES;
				COPY_PHASE_STRIP = NO;
				DEAD_CODE_STRIPPING = YES;
				DEBUG_INFORMATION_FORMAT = "dwarf-with-dsym";
				ENABLE_NS_ASSERTIONS = NO;
				ENABLE_STRICT_OBJC_MSGSEND = YES;
				ENABLE_USER_SCRIPT_SANDBOXING = YES;
				GCC_C_LANGUAGE_STANDARD = gnu17;
				GCC_NO_COMMON_BLOCKS = YES;
				GCC_WARN_64_TO_32_BIT_CONVERSION = YES;
				GCC_WARN_ABOUT_RETURN_TYPE = YES_ERROR;
				GCC_WARN_UNDECLARED_SELECTOR = YES;
				GCC_WARN_UNINITIALIZED_AUTOS = YES_AGGRESSIVE;
				GCC_WARN_UNUSED_FUNCTION = YES;
				GCC_WARN_UNUSED_VARIABLE = YES;
				LOCALIZATION_PREFERS_STRING_CATALOGS = YES;
				MTL_ENABLE_DEBUG_INFO = NO;
				MTL_FAST_MATH = YES;
				NEW_SETTING = "";
				NEW_SETTING1 = "";
				SWIFT_COMPILATION_MODE = wholemodule;
			};
			name = Release;
		};
		ED700EB02BFE8C5500FCABC2 /* Debug */ = {
			isa = XCBuildConfiguration;
			buildSettings = {
				ASSETCATALOG_COMPILER_APPICON_NAME = AppIcon;
				ASSETCATALOG_COMPILER_GLOBAL_ACCENT_COLOR_NAME = AccentColor;
				CLANG_ENABLE_MODULES = YES;
				CODE_SIGN_ENTITLEMENTS = MedicaInfo/MedicaInfo.entitlements;
				CODE_SIGN_STYLE = Automatic;
				CURRENT_PROJECT_VERSION = 1;
				DEAD_CODE_STRIPPING = YES;
				DEVELOPMENT_ASSET_PATHS = "\"MedicaInfo/Preview Content\"";
				DEVELOPMENT_TEAM = 8JV2R2Z788;
				ENABLE_HARDENED_RUNTIME = YES;
				ENABLE_PREVIEWS = YES;
				GENERATE_INFOPLIST_FILE = YES;
				"INFOPLIST_KEY_UIApplicationSceneManifest_Generation[sdk=iphoneos*]" = YES;
				"INFOPLIST_KEY_UIApplicationSceneManifest_Generation[sdk=iphonesimulator*]" = YES;
				"INFOPLIST_KEY_UIApplicationSupportsIndirectInputEvents[sdk=iphoneos*]" = YES;
				"INFOPLIST_KEY_UIApplicationSupportsIndirectInputEvents[sdk=iphonesimulator*]" = YES;
				"INFOPLIST_KEY_UILaunchScreen_Generation[sdk=iphoneos*]" = YES;
				"INFOPLIST_KEY_UILaunchScreen_Generation[sdk=iphonesimulator*]" = YES;
				"INFOPLIST_KEY_UIStatusBarStyle[sdk=iphoneos*]" = UIStatusBarStyleDefault;
				"INFOPLIST_KEY_UIStatusBarStyle[sdk=iphonesimulator*]" = UIStatusBarStyleDefault;
				INFOPLIST_KEY_UISupportedInterfaceOrientations_iPad = "UIInterfaceOrientationPortrait UIInterfaceOrientationPortraitUpsideDown UIInterfaceOrientationLandscapeLeft UIInterfaceOrientationLandscapeRight";
				INFOPLIST_KEY_UISupportedInterfaceOrientations_iPhone = "UIInterfaceOrientationPortrait UIInterfaceOrientationLandscapeLeft UIInterfaceOrientationLandscapeRight";
				IPHONEOS_DEPLOYMENT_TARGET = 17.2;
				LD_RUNPATH_SEARCH_PATHS = "@executable_path/Frameworks";
				"LD_RUNPATH_SEARCH_PATHS[sdk=macosx*]" = "@executable_path/../Frameworks";
				MACOSX_DEPLOYMENT_TARGET = 14.0;
				MARKETING_VERSION = 1.0;
				PRODUCT_BUNDLE_IDENTIFIER = it.alessandrodigiusto.MedicaInfo;
				PRODUCT_NAME = "$(TARGET_NAME)";
				SDKROOT = auto;
				SUPPORTED_PLATFORMS = "iphoneos iphonesimulator macosx";
				SWIFT_EMIT_LOC_STRINGS = YES;
				SWIFT_OBJC_BRIDGING_HEADER = "MedicaInfo/MedicaInfo-Bridging-Header.h";
				SWIFT_OPTIMIZATION_LEVEL = "-Onone";
				SWIFT_VERSION = 5.0;
				TARGETED_DEVICE_FAMILY = "1,2";
			};
			name = Debug;
		};
		ED700EB12BFE8C5500FCABC2 /* Release */ = {
			isa = XCBuildConfiguration;
			buildSettings = {
				ASSETCATALOG_COMPILER_APPICON_NAME = AppIcon;
				ASSETCATALOG_COMPILER_GLOBAL_ACCENT_COLOR_NAME = AccentColor;
				CLANG_ENABLE_MODULES = YES;
				CODE_SIGN_ENTITLEMENTS = MedicaInfo/MedicaInfo.entitlements;
				CODE_SIGN_STYLE = Automatic;
				CURRENT_PROJECT_VERSION = 1;
				DEAD_CODE_STRIPPING = YES;
				DEVELOPMENT_ASSET_PATHS = "\"MedicaInfo/Preview Content\"";
				DEVELOPMENT_TEAM = 8JV2R2Z788;
				ENABLE_HARDENED_RUNTIME = YES;
				ENABLE_PREVIEWS = YES;
				GENERATE_INFOPLIST_FILE = YES;
				"INFOPLIST_KEY_UIApplicationSceneManifest_Generation[sdk=iphoneos*]" = YES;
				"INFOPLIST_KEY_UIApplicationSceneManifest_Generation[sdk=iphonesimulator*]" = YES;
				"INFOPLIST_KEY_UIApplicationSupportsIndirectInputEvents[sdk=iphoneos*]" = YES;
				"INFOPLIST_KEY_UIApplicationSupportsIndirectInputEvents[sdk=iphonesimulator*]" = YES;
				"INFOPLIST_KEY_UILaunchScreen_Generation[sdk=iphoneos*]" = YES;
				"INFOPLIST_KEY_UILaunchScreen_Generation[sdk=iphonesimulator*]" = YES;
				"INFOPLIST_KEY_UIStatusBarStyle[sdk=iphoneos*]" = UIStatusBarStyleDefault;
				"INFOPLIST_KEY_UIStatusBarStyle[sdk=iphonesimulator*]" = UIStatusBarStyleDefault;
				INFOPLIST_KEY_UISupportedInterfaceOrientations_iPad = "UIInterfaceOrientationPortrait UIInterfaceOrientationPortraitUpsideDown UIInterfaceOrientationLandscapeLeft UIInterfaceOrientationLandscapeRight";
				INFOPLIST_KEY_UISupportedInterfaceOrientations_iPhone = "UIInterfaceOrientationPortrait UIInterfaceOrientationLandscapeLeft UIInterfaceOrientationLandscapeRight";
				IPHONEOS_DEPLOYMENT_TARGET = 17.2;
				LD_RUNPATH_SEARCH_PATHS = "@executable_path/Frameworks";
				"LD_RUNPATH_SEARCH_PATHS[sdk=macosx*]" = "@executable_path/../Frameworks";
				MACOSX_DEPLOYMENT_TARGET = 14.0;
				MARKETING_VERSION = 1.0;
				PRODUCT_BUNDLE_IDENTIFIER = it.alessandrodigiusto.MedicaInfo;
				PRODUCT_NAME = "$(TARGET_NAME)";
				SDKROOT = auto;
				SUPPORTED_PLATFORMS = "iphoneos iphonesimulator macosx";
				SWIFT_EMIT_LOC_STRINGS = YES;
				SWIFT_OBJC_BRIDGING_HEADER = "MedicaInfo/MedicaInfo-Bridging-Header.h";
				SWIFT_VERSION = 5.0;
				TARGETED_DEVICE_FAMILY = "1,2";
			};
			name = Release;
		};
/* End XCBuildConfiguration section */

/* Begin XCConfigurationList section */
		ED700E992BFE8C5200FCABC2 /* Build configuration list for PBXProject "MedicaInfo" */ = {
			isa = XCConfigurationList;
			buildConfigurations = (
				ED700EAD2BFE8C5500FCABC2 /* Debug */,
				ED700EAE2BFE8C5500FCABC2 /* Release */,
			);
			defaultConfigurationIsVisible = 0;
			defaultConfigurationName = Release;
		};
		ED700EAF2BFE8C5500FCABC2 /* Build configuration list for PBXNativeTarget "MedicaInfo" */ = {
			isa = XCConfigurationList;
			buildConfigurations = (
				ED700EB02BFE8C5500FCABC2 /* Debug */,
				ED700EB12BFE8C5500FCABC2 /* Release */,
			);
			defaultConfigurationIsVisible = 0;
			defaultConfigurationName = Release;
		};
/* End XCConfigurationList section */

/* Begin XCVersionGroup section */
		ED8F4A4B2C70DA0A007C4734 /* MedicalDataModel.xcdatamodeld */ = {
			isa = XCVersionGroup;
			children = (
				ED8F4A4C2C70DA0A007C4734 /* MedicalDataModel.xcdatamodel */,
			);
			currentVersion = ED8F4A4C2C70DA0A007C4734 /* MedicalDataModel.xcdatamodel */;
			path = MedicalDataModel.xcdatamodeld;
			sourceTree = "<group>";
			versionGroupType = wrapper.xcdatamodel;
		};
/* End XCVersionGroup section */
	};
	rootObject = ED700E962BFE8C5200FCABC2 /* Project object */;
}
