// !$*UTF8*$!
{
	archiveVersion = 1;
	classes = {
	};
	objectVersion = 56;
	objects = {

/* Begin PBXBuildFile section */
		ED700EA22BFE8C5200FCABC2 /* MedicaInfoApp.swift in Sources */ = {isa = PBXBuildFile; fileRef = ED700EA12BFE8C5200FCABC2 /* MedicaInfoApp.swift */; };
		ED700EA42BFE8C5200FCABC2 /* ContentView.swift in Sources */ = {isa = PBXBuildFile; fileRef = ED700EA32BFE8C5200FCABC2 /* ContentView.swift */; };
		ED700EA62BFE8C5200FCABC2 /* Item.swift in Sources */ = {isa = PBXBuildFile; fileRef = ED700EA52BFE8C5200FCABC2 /* Item.swift */; };
		ED700EA82BFE8C5500FCABC2 /* Assets.xcassets in Resources */ = {isa = PBXBuildFile; fileRef = ED700EA72BFE8C5500FCABC2 /* Assets.xcassets */; };
		ED700EAC2BFE8C5500FCABC2 /* Preview Assets.xcassets in Resources */ = {isa = PBXBuildFile; fileRef = ED700EAB2BFE8C5500FCABC2 /* Preview Assets.xcassets */; };
		ED700EB32BFE975300FCABC2 /* DetailView.swift in Sources */ = {isa = PBXBuildFile; fileRef = ED700EB22BFE975300FCABC2 /* DetailView.swift */; };
		ED700EB52BFE97FC00FCABC2 /* PersistenceController.swift in Sources */ = {isa = PBXBuildFile; fileRef = ED700EB42BFE97FC00FCABC2 /* PersistenceController.swift */; };
		ED700EB72BFE987D00FCABC2 /* AppDelegate.swift in Sources */ = {isa = PBXBuildFile; fileRef = ED700EB62BFE987D00FCABC2 /* AppDelegate.swift */; };
		ED700EBD2BFE9A7000FCABC2 /* MedicalDataModel.xcdatamodeld in Sources */ = {isa = PBXBuildFile; fileRef = ED700EBB2BFE9A7000FCABC2 /* MedicalDataModel.xcdatamodeld */; };
/* End PBXBuildFile section */

/* Begin PBXFileReference section */
		ED700E9E2BFE8C5200FCABC2 /* MedicaInfo.app */ = {isa = PBXFileReference; explicitFileType = wrapper.application; includeInIndex = 0; path = MedicaInfo.app; sourceTree = BUILT_PRODUCTS_DIR; };
		ED700EA12BFE8C5200FCABC2 /* MedicaInfoApp.swift */ = {isa = PBXFileReference; lastKnownFileType = sourcecode.swift; path = MedicaInfoApp.swift; sourceTree = "<group>"; };
		ED700EA32BFE8C5200FCABC2 /* ContentView.swift */ = {isa = PBXFileReference; lastKnownFileType = sourcecode.swift; path = ContentView.swift; sourceTree = "<group>"; };
		ED700EA52BFE8C5200FCABC2 /* Item.swift */ = {isa = PBXFileReference; lastKnownFileType = sourcecode.swift; path = Item.swift; sourceTree = "<group>"; };
		ED700EA72BFE8C5500FCABC2 /* Assets.xcassets */ = {isa = PBXFileReference; lastKnownFileType = folder.assetcatalog; path = Assets.xcassets; sourceTree = "<group>"; };
		ED700EA92BFE8C5500FCABC2 /* MedicaInfo.entitlements */ = {isa = PBXFileReference; lastKnownFileType = text.plist.entitlements; path = MedicaInfo.entitlements; sourceTree = "<group>"; };
		ED700EAB2BFE8C5500FCABC2 /* Preview Assets.xcassets */ = {isa = PBXFileReference; lastKnownFileType = folder.assetcatalog; path = "Preview Assets.xcassets"; sourceTree = "<group>"; };
		ED700EB22BFE975300FCABC2 /* DetailView.swift */ = {isa = PBXFileReference; lastKnownFileType = sourcecode.swift; path = DetailView.swift; sourceTree = "<group>"; };
		ED700EB42BFE97FC00FCABC2 /* PersistenceController.swift */ = {isa = PBXFileReference; lastKnownFileType = sourcecode.swift; path = PersistenceController.swift; sourceTree = "<group>"; };
		ED700EB62BFE987D00FCABC2 /* AppDelegate.swift */ = {isa = PBXFileReference; lastKnownFileType = sourcecode.swift; path = AppDelegate.swift; sourceTree = "<group>"; };
		ED700EBC2BFE9A7000FCABC2 /* MedicalDataModel.xcdatamodel */ = {isa = PBXFileReference; lastKnownFileType = wrapper.xcdatamodel; path = MedicalDataModel.xcdatamodel; sourceTree = "<group>"; };
/* End PBXFileReference section */

/* Begin PBXFrameworksBuildPhase section */
		ED700E9B2BFE8C5200FCABC2 /* Frameworks */ = {
			isa = PBXFrameworksBuildPhase;
			buildActionMask = 2147483647;
			files = (
			);
			runOnlyForDeploymentPostprocessing = 0;
		};
/* End PBXFrameworksBuildPhase section */

/* Begin PBXGroup section */
		ED700E952BFE8C5200FCABC2 = {
			isa = PBXGroup;
			children = (
				ED700EA02BFE8C5200FCABC2 /* MedicaInfo */,
				ED700E9F2BFE8C5200FCABC2 /* Products */,
			);
			sourceTree = "<group>";
		};
		ED700E9F2BFE8C5200FCABC2 /* Products */ = {
			isa = PBXGroup;
			children = (
				ED700E9E2BFE8C5200FCABC2 /* MedicaInfo.app */,
			);
			name = Products;
			sourceTree = "<group>";
		};
		ED700EA02BFE8C5200FCABC2 /* MedicaInfo */ = {
			isa = PBXGroup;
			children = (
				ED700EB42BFE97FC00FCABC2 /* PersistenceController.swift */,
				ED700EB22BFE975300FCABC2 /* DetailView.swift */,
				ED700EA12BFE8C5200FCABC2 /* MedicaInfoApp.swift */,
				ED700EA32BFE8C5200FCABC2 /* ContentView.swift */,
				ED700EB62BFE987D00FCABC2 /* AppDelegate.swift */,
				ED700EA52BFE8C5200FCABC2 /* Item.swift */,
				ED700EA72BFE8C5500FCABC2 /* Assets.xcassets */,
				ED700EA92BFE8C5500FCABC2 /* MedicaInfo.entitlements */,
				ED700EAA2BFE8C5500FCABC2 /* Preview Content */,
				ED700EBB2BFE9A7000FCABC2 /* MedicalDataModel.xcdatamodeld */,
			);
			path = MedicaInfo;
			sourceTree = "<group>";
		};
		ED700EAA2BFE8C5500FCABC2 /* Preview Content */ = {
			isa = PBXGroup;
			children = (
				ED700EAB2BFE8C5500FCABC2 /* Preview Assets.xcassets */,
			);
			path = "Preview Content";
			sourceTree = "<group>";
		};
/* End PBXGroup section */

/* Begin PBXNativeTarget section */
		ED700E9D2BFE8C5200FCABC2 /* MedicaInfo */ = {
			isa = PBXNativeTarget;
			buildConfigurationList = ED700EAF2BFE8C5500FCABC2 /* Build configuration list for PBXNativeTarget "MedicaInfo" */;
			buildPhases = (
				ED700E9A2BFE8C5200FCABC2 /* Sources */,
				ED700E9B2BFE8C5200FCABC2 /* Frameworks */,
				ED700E9C2BFE8C5200FCABC2 /* Resources */,
			);
			buildRules = (
			);
			dependencies = (
			);
			name = MedicaInfo;
			productName = MedicaInfo;
			productReference = ED700E9E2BFE8C5200FCABC2 /* MedicaInfo.app */;
			productType = "com.apple.product-type.application";
		};
/* End PBXNativeTarget section */

/* Begin PBXProject section */
		ED700E962BFE8C5200FCABC2 /* Project object */ = {
			isa = PBXProject;
			attributes = {
				BuildIndependentTargetsInParallel = 1;
				LastSwiftUpdateCheck = 1520;
				LastUpgradeCheck = 1520;
				TargetAttributes = {
					ED700E9D2BFE8C5200FCABC2 = {
						CreatedOnToolsVersion = 15.2;
					};
				};
			};
			buildConfigurationList = ED700E992BFE8C5200FCABC2 /* Build configuration list for PBXProject "MedicaInfo" */;
			compatibilityVersion = "Xcode 14.0";
			developmentRegion = en;
			hasScannedForEncodings = 0;
			knownRegions = (
				en,
				Base,
			);
			mainGroup = ED700E952BFE8C5200FCABC2;
			productRefGroup = ED700E9F2BFE8C5200FCABC2 /* Products */;
			projectDirPath = "";
			projectRoot = "";
			targets = (
				ED700E9D2BFE8C5200FCABC2 /* MedicaInfo */,
			);
		};
/* End PBXProject section */

/* Begin PBXResourcesBuildPhase section */
		ED700E9C2BFE8C5200FCABC2 /* Resources */ = {
			isa = PBXResourcesBuildPhase;
			buildActionMask = 2147483647;
			files = (
				ED700EAC2BFE8C5500FCABC2 /* Preview Assets.xcassets in Resources */,
				ED700EA82BFE8C5500FCABC2 /* Assets.xcassets in Resources */,
			);
			runOnlyForDeploymentPostprocessing = 0;
		};
/* End PBXResourcesBuildPhase section */

/* Begin PBXSourcesBuildPhase section */
		ED700E9A2BFE8C5200FCABC2 /* Sources */ = {
			isa = PBXSourcesBuildPhase;
			buildActionMask = 2147483647;
			files = (
				ED700EB72BFE987D00FCABC2 /* AppDelegate.swift in Sources */,
				ED700EA42BFE8C5200FCABC2 /* ContentView.swift in Sources */,
				ED700EB32BFE975300FCABC2 /* DetailView.swift in Sources */,
				ED700EA62BFE8C5200FCABC2 /* Item.swift in Sources */,
				ED700EBD2BFE9A7000FCABC2 /* MedicalDataModel.xcdatamodeld in Sources */,
				ED700EA22BFE8C5200FCABC2 /* MedicaInfoApp.swift in Sources */,
				ED700EB52BFE97FC00FCABC2 /* PersistenceController.swift in Sources */,
			);
			runOnlyForDeploymentPostprocessing = 0;
		};
/* End PBXSourcesBuildPhase section */

/* Begin XCBuildConfiguration section */
		ED700EAD2BFE8C5500FCABC2 /* Debug */ = {
			isa = XCBuildConfiguration;
			buildSettings = {
				ALWAYS_SEARCH_USER_PATHS = NO;
				ASSETCATALOG_COMPILER_GENERATE_SWIFT_ASSET_SYMBOL_EXTENSIONS = YES;
				CLANG_ANALYZER_NONNULL = YES;
				CLANG_ANALYZER_NUMBER_OBJECT_CONVERSION = YES_AGGRESSIVE;
				CLANG_CXX_LANGUAGE_STANDARD = "gnu++20";
				CLANG_ENABLE_MODULES = YES;
				CLANG_ENABLE_OBJC_ARC = YES;
				CLANG_ENABLE_OBJC_WEAK = YES;
				CLANG_WARN_BLOCK_CAPTURE_AUTORELEASING = YES;
				CLANG_WARN_BOOL_CONVERSION = YES;
				CLANG_WARN_COMMA = YES;
				CLANG_WARN_CONSTANT_CONVERSION = YES;
				CLANG_WARN_DEPRECATED_OBJC_IMPLEMENTATIONS = YES;
				CLANG_WARN_DIRECT_OBJC_ISA_USAGE = YES_ERROR;
				CLANG_WARN_DOCUMENTATION_COMMENTS = YES;
				CLANG_WARN_EMPTY_BODY = YES;
				CLANG_WARN_ENUM_CONVERSION = YES;
				CLANG_WARN_INFINITE_RECURSION = YES;
				CLANG_WARN_INT_CONVERSION = YES;
				CLANG_WARN_NON_LITERAL_NULL_CONVERSION = YES;
				CLANG_WARN_OBJC_IMPLICIT_RETAIN_SELF = YES;
				CLANG_WARN_OBJC_LITERAL_CONVERSION = YES;
				CLANG_WARN_OBJC_ROOT_CLASS = YES_ERROR;
				CLANG_WARN_QUOTED_INCLUDE_IN_FRAMEWORK_HEADER = YES;
				CLANG_WARN_RANGE_LOOP_ANALYSIS = YES;
				CLANG_WARN_STRICT_PROTOTYPES = YES;
				CLANG_WARN_SUSPICIOUS_MOVE = YES;
				CLANG_WARN_UNGUARDED_AVAILABILITY = YES_AGGRESSIVE;
				CLANG_WARN_UNREACHABLE_CODE = YES;
				CLANG_WARN__DUPLICATE_METHOD_MATCH = YES;
				COPY_PHASE_STRIP = NO;
				DEBUG_INFORMATION_FORMAT = dwarf;
				ENABLE_STRICT_OBJC_MSGSEND = YES;
				ENABLE_TESTABILITY = YES;
				ENABLE_USER_SCRIPT_SANDBOXING = YES;
				GCC_C_LANGUAGE_STANDARD = gnu17;
				GCC_DYNAMIC_NO_PIC = NO;
				GCC_NO_COMMON_BLOCKS = YES;
				GCC_OPTIMIZATION_LEVEL = 0;
				GCC_PREPROCESSOR_DEFINITIONS = (
					"DEBUG=1",
					"$(inherited)",
				);
				GCC_WARN_64_TO_32_BIT_CONVERSION = YES;
				GCC_WARN_ABOUT_RETURN_TYPE = YES_ERROR;
				GCC_WARN_UNDECLARED_SELECTOR = YES;
				GCC_WARN_UNINITIALIZED_AUTOS = YES_AGGRESSIVE;
				GCC_WARN_UNUSED_FUNCTION = YES;
				GCC_WARN_UNUSED_VARIABLE = YES;
				LOCALIZATION_PREFERS_STRING_CATALOGS = YES;
				MTL_ENABLE_DEBUG_INFO = INCLUDE_SOURCE;
				MTL_FAST_MATH = YES;
				ONLY_ACTIVE_ARCH = YES;
				SWIFT_ACTIVE_COMPILATION_CONDITIONS = "DEBUG $(inherited)";
				SWIFT_OPTIMIZATION_LEVEL = "-Onone";
			};
			name = Debug;
		};
		ED700EAE2BFE8C5500FCABC2 /* Release */ = {
			isa = XCBuildConfiguration;
			buildSettings = {
				ALWAYS_SEARCH_USER_PATHS = NO;
				ASSETCATALOG_COMPILER_GENERATE_SWIFT_ASSET_SYMBOL_EXTENSIONS = YES;
				CLANG_ANALYZER_NONNULL = YES;
				CLANG_ANALYZER_NUMBER_OBJECT_CONVERSION = YES_AGGRESSIVE;
				CLANG_CXX_LANGUAGE_STANDARD = "gnu++20";
				CLANG_ENABLE_MODULES = YES;
				CLANG_ENABLE_OBJC_ARC = YES;
				CLANG_ENABLE_OBJC_WEAK = YES;
				CLANG_WARN_BLOCK_CAPTURE_AUTORELEASING = YES;
				CLANG_WARN_BOOL_CONVERSION = YES;
				CLANG_WARN_COMMA = YES;
				CLANG_WARN_CONSTANT_CONVERSION = YES;
				CLANG_WARN_DEPRECATED_OBJC_IMPLEMENTATIONS = YES;
				CLANG_WARN_DIRECT_OBJC_ISA_USAGE = YES_ERROR;
				CLANG_WARN_DOCUMENTATION_COMMENTS = YES;
				CLANG_WARN_EMPTY_BODY = YES;
				CLANG_WARN_ENUM_CONVERSION = YES;
				CLANG_WARN_INFINITE_RECURSION = YES;
				CLANG_WARN_INT_CONVERSION = YES;
				CLANG_WARN_NON_LITERAL_NULL_CONVERSION = YES;
				CLANG_WARN_OBJC_IMPLICIT_RETAIN_SELF = YES;
				CLANG_WARN_OBJC_LITERAL_CONVERSION = YES;
				CLANG_WARN_OBJC_ROOT_CLASS = YES_ERROR;
				CLANG_WARN_QUOTED_INCLUDE_IN_FRAMEWORK_HEADER = YES;
				CLANG_WARN_RANGE_LOOP_ANALYSIS = YES;
				CLANG_WARN_STRICT_PROTOTYPES = YES;
				CLANG_WARN_SUSPICIOUS_MOVE = YES;
				CLANG_WARN_UNGUARDED_AVAILABILITY = YES_AGGRESSIVE;
				CLANG_WARN_UNREACHABLE_CODE = YES;
				CLANG_WARN__DUPLICATE_METHOD_MATCH = YES;
				COPY_PHASE_STRIP = NO;
				DEBUG_INFORMATION_FORMAT = "dwarf-with-dsym";
				ENABLE_NS_ASSERTIONS = NO;
				ENABLE_STRICT_OBJC_MSGSEND = YES;
				ENABLE_USER_SCRIPT_SANDBOXING = YES;
				GCC_C_LANGUAGE_STANDARD = gnu17;
				GCC_NO_COMMON_BLOCKS = YES;
				GCC_WARN_64_TO_32_BIT_CONVERSION = YES;
				GCC_WARN_ABOUT_RETURN_TYPE = YES_ERROR;
				GCC_WARN_UNDECLARED_SELECTOR = YES;
				GCC_WARN_UNINITIALIZED_AUTOS = YES_AGGRESSIVE;
				GCC_WARN_UNUSED_FUNCTION = YES;
				GCC_WARN_UNUSED_VARIABLE = YES;
				LOCALIZATION_PREFERS_STRING_CATALOGS = YES;
				MTL_ENABLE_DEBUG_INFO = NO;
				MTL_FAST_MATH = YES;
				SWIFT_COMPILATION_MODE = wholemodule;
			};
			name = Release;
		};
		ED700EB02BFE8C5500FCABC2 /* Debug */ = {
			isa = XCBuildConfiguration;
			buildSettings = {
				ASSETCATALOG_COMPILER_APPICON_NAME = AppIcon;
				ASSETCATALOG_COMPILER_GLOBAL_ACCENT_COLOR_NAME = AccentColor;
				CODE_SIGN_ENTITLEMENTS = MedicaInfo/MedicaInfo.entitlements;
				CODE_SIGN_STYLE = Automatic;
				CURRENT_PROJECT_VERSION = 1;
				DEVELOPMENT_ASSET_PATHS = "\"MedicaInfo/Preview Content\"";
				DEVELOPMENT_TEAM = 8JV2R2Z788;
				ENABLE_HARDENED_RUNTIME = YES;
				ENABLE_PREVIEWS = YES;
				GENERATE_INFOPLIST_FILE = YES;
				"INFOPLIST_KEY_UIApplicationSceneManifest_Generation[sdk=iphoneos*]" = YES;
				"INFOPLIST_KEY_UIApplicationSceneManifest_Generation[sdk=iphonesimulator*]" = YES;
				"INFOPLIST_KEY_UIApplicationSupportsIndirectInputEvents[sdk=iphoneos*]" = YES;
				"INFOPLIST_KEY_UIApplicationSupportsIndirectInputEvents[sdk=iphonesimulator*]" = YES;
				"INFOPLIST_KEY_UILaunchScreen_Generation[sdk=iphoneos*]" = YES;
				"INFOPLIST_KEY_UILaunchScreen_Generation[sdk=iphonesimulator*]" = YES;
				"INFOPLIST_KEY_UIStatusBarStyle[sdk=iphoneos*]" = UIStatusBarStyleDefault;
				"INFOPLIST_KEY_UIStatusBarStyle[sdk=iphonesimulator*]" = UIStatusBarStyleDefault;
				INFOPLIST_KEY_UISupportedInterfaceOrientations_iPad = "UIInterfaceOrientationPortrait UIInterfaceOrientationPortraitUpsideDown UIInterfaceOrientationLandscapeLeft UIInterfaceOrientationLandscapeRight";
				INFOPLIST_KEY_UISupportedInterfaceOrientations_iPhone = "UIInterfaceOrientationPortrait UIInterfaceOrientationLandscapeLeft UIInterfaceOrientationLandscapeRight";
				IPHONEOS_DEPLOYMENT_TARGET = 17.2;
				LD_RUNPATH_SEARCH_PATHS = "@executable_path/Frameworks";
				"LD_RUNPATH_SEARCH_PATHS[sdk=macosx*]" = "@executable_path/../Frameworks";
				MACOSX_DEPLOYMENT_TARGET = 14.0;
				MARKETING_VERSION = 1.0;
				PRODUCT_BUNDLE_IDENTIFIER = it.alessandrodigiusto.MedicaInfo;
				PRODUCT_NAME = "$(TARGET_NAME)";
				SDKROOT = auto;
				SUPPORTED_PLATFORMS = "iphoneos iphonesimulator macosx";
				SWIFT_EMIT_LOC_STRINGS = YES;
				SWIFT_VERSION = 5.0;
				TARGETED_DEVICE_FAMILY = "1,2";
			};
			name = Debug;
		};
		ED700EB12BFE8C5500FCABC2 /* Release */ = {
			isa = XCBuildConfiguration;
			buildSettings = {
				ASSETCATALOG_COMPILER_APPICON_NAME = AppIcon;
				ASSETCATALOG_COMPILER_GLOBAL_ACCENT_COLOR_NAME = AccentColor;
				CODE_SIGN_ENTITLEMENTS = MedicaInfo/MedicaInfo.entitlements;
				CODE_SIGN_STYLE = Automatic;
				CURRENT_PROJECT_VERSION = 1;
				DEVELOPMENT_ASSET_PATHS = "\"MedicaInfo/Preview Content\"";
				DEVELOPMENT_TEAM = 8JV2R2Z788;
				ENABLE_HARDENED_RUNTIME = YES;
				ENABLE_PREVIEWS = YES;
				GENERATE_INFOPLIST_FILE = YES;
				"INFOPLIST_KEY_UIApplicationSceneManifest_Generation[sdk=iphoneos*]" = YES;
				"INFOPLIST_KEY_UIApplicationSceneManifest_Generation[sdk=iphonesimulator*]" = YES;
				"INFOPLIST_KEY_UIApplicationSupportsIndirectInputEvents[sdk=iphoneos*]" = YES;
				"INFOPLIST_KEY_UIApplicationSupportsIndirectInputEvents[sdk=iphonesimulator*]" = YES;
				"INFOPLIST_KEY_UILaunchScreen_Generation[sdk=iphoneos*]" = YES;
				"INFOPLIST_KEY_UILaunchScreen_Generation[sdk=iphonesimulator*]" = YES;
				"INFOPLIST_KEY_UIStatusBarStyle[sdk=iphoneos*]" = UIStatusBarStyleDefault;
				"INFOPLIST_KEY_UIStatusBarStyle[sdk=iphonesimulator*]" = UIStatusBarStyleDefault;
				INFOPLIST_KEY_UISupportedInterfaceOrientations_iPad = "UIInterfaceOrientationPortrait UIInterfaceOrientationPortraitUpsideDown UIInterfaceOrientationLandscapeLeft UIInterfaceOrientationLandscapeRight";
				INFOPLIST_KEY_UISupportedInterfaceOrientations_iPhone = "UIInterfaceOrientationPortrait UIInterfaceOrientationLandscapeLeft UIInterfaceOrientationLandscapeRight";
				IPHONEOS_DEPLOYMENT_TARGET = 17.2;
				LD_RUNPATH_SEARCH_PATHS = "@executable_path/Frameworks";
				"LD_RUNPATH_SEARCH_PATHS[sdk=macosx*]" = "@executable_path/../Frameworks";
				MACOSX_DEPLOYMENT_TARGET = 14.0;
				MARKETING_VERSION = 1.0;
				PRODUCT_BUNDLE_IDENTIFIER = it.alessandrodigiusto.MedicaInfo;
				PRODUCT_NAME = "$(TARGET_NAME)";
				SDKROOT = auto;
				SUPPORTED_PLATFORMS = "iphoneos iphonesimulator macosx";
				SWIFT_EMIT_LOC_STRINGS = YES;
				SWIFT_VERSION = 5.0;
				TARGETED_DEVICE_FAMILY = "1,2";
			};
			name = Release;
		};
/* End XCBuildConfiguration section */

/* Begin XCConfigurationList section */
		ED700E992BFE8C5200FCABC2 /* Build configuration list for PBXProject "MedicaInfo" */ = {
			isa = XCConfigurationList;
			buildConfigurations = (
				ED700EAD2BFE8C5500FCABC2 /* Debug */,
				ED700EAE2BFE8C5500FCABC2 /* Release */,
			);
			defaultConfigurationIsVisible = 0;
			defaultConfigurationName = Release;
		};
		ED700EAF2BFE8C5500FCABC2 /* Build configuration list for PBXNativeTarget "MedicaInfo" */ = {
			isa = XCConfigurationList;
			buildConfigurations = (
				ED700EB02BFE8C5500FCABC2 /* Debug */,
				ED700EB12BFE8C5500FCABC2 /* Release */,
			);
			defaultConfigurationIsVisible = 0;
			defaultConfigurationName = Release;
		};
/* End XCConfigurationList section */

/* Begin XCVersionGroup section */
		ED700EBB2BFE9A7000FCABC2 /* MedicalDataModel.xcdatamodeld */ = {
			isa = XCVersionGroup;
			children = (
				ED700EBC2BFE9A7000FCABC2 /* MedicalDataModel.xcdatamodel */,
			);
			currentVersion = ED700EBC2BFE9A7000FCABC2 /* MedicalDataModel.xcdatamodel */;
			path = MedicalDataModel.xcdatamodeld;
			sourceTree = "<group>";
			versionGroupType = wrapper.xcdatamodel;
		};
/* End XCVersionGroup section */
	};
	rootObject = ED700E962BFE8C5200FCABC2 /* Project object */;
}
